
Microsoft Visual Studio Solution File, Format Version 12.00
# Visual Studio 15
VisualStudioVersion = 15.0.27703.2026
MinimumVisualStudioVersion = 10.0.40219.1
Project("{FAE04EC0-301F-11D3-BF4B-00C04F79EFBC}") = "EventManagementPro", "EventManagementPro\EventManagementPro.csproj", "{3A93D865-C2E1-4756-ADE5-D5FCA2A1394C}"
EndProject
Project("{FAE04EC0-301F-11D3-BF4B-00C04F79EFBC}") = "EventManagementClient", "EventManagementClient\EventManagementClient.csproj", "{8A08ECC4-96CA-43DA-ABC4-0294EABA741C}"
EndProject
Global
	GlobalSection(SolutionConfigurationPlatforms) = preSolution
		Debug|Any CPU = Debug|Any CPU
		Release|Any CPU = Release|Any CPU
	EndGlobalSection
	GlobalSection(ProjectConfigurationPlatforms) = postSolution
		{3A93D865-C2E1-4756-ADE5-D5FCA2A1394C}.Debug|Any CPU.ActiveCfg = Debug|Any CPU
		{3A93D865-C2E1-4756-ADE5-D5FCA2A1394C}.Debug|Any CPU.Build.0 = Debug|Any CPU
		{3A93D865-C2E1-4756-ADE5-D5FCA2A1394C}.Release|Any CPU.ActiveCfg = Release|Any CPU
		{3A93D865-C2E1-4756-ADE5-D5FCA2A1394C}.Release|Any CPU.Build.0 = Release|Any CPU
		{8A08ECC4-96CA-43DA-ABC4-0294EABA741C}.Debug|Any CPU.ActiveCfg = Debug|Any CPU
		{8A08ECC4-96CA-43DA-ABC4-0294EABA741C}.Debug|Any CPU.Build.0 = Debug|Any CPU
		{8A08ECC4-96CA-43DA-ABC4-0294EABA741C}.Release|Any CPU.ActiveCfg = Release|Any CPU
		{8A08ECC4-96CA-43DA-ABC4-0294EABA741C}.Release|Any CPU.Build.0 = Release|Any CPU
	EndGlobalSection
	GlobalSection(SolutionProperties) = preSolution
		HideSolutionNode = FALSE
	EndGlobalSection
	GlobalSection(ExtensibilityGlobals) = postSolution
		SolutionGuid = {508D8E0B-C447-4AD3-A345-AE9FB9109E4A}
	EndGlobalSection
EndGlobal
